# This file is automatically @generated by Cargo.
# It is not intended for manual editing.
[[package]]
name = "base64"
version = "0.10.1"
source = "git+https://github.com/mesalock-linux/rust-base64-sgx#38ebf268292319082d43965a671c2296de67562d"
dependencies = [
 "sgx_tstd 1.0.9 (git+https://github.com/baidu/rust-sgx-sdk.git?rev=v1.0.9)",
]

[[package]]
name = "cc"
version = "1.0.45"
source = "registry+https://github.com/rust-lang/crates.io-index"

[[package]]
name = "cfg-if"
version = "0.1.10"
source = "registry+https://github.com/rust-lang/crates.io-index"

[[package]]
name = "enclave"
version = "1.0.0"
dependencies = [
 "rustls 0.16.0 (git+https://github.com/mesalock-linux/rustls?branch=mesalock_sgx)",
 "sgx_trts 1.0.9 (git+https://github.com/baidu/rust-sgx-sdk.git?rev=v1.0.9)",
 "sgx_tstd 1.0.9 (git+https://github.com/baidu/rust-sgx-sdk.git?rev=v1.0.9)",
 "sgx_types 1.0.9 (git+https://github.com/baidu/rust-sgx-sdk.git?rev=v1.0.9)",
 "webpki 0.21.0 (git+https://github.com/mesalock-linux/webpki?branch=mesalock_sgx)",
]

[[package]]
name = "log"
version = "0.4.8"
source = "git+https://github.com/mesalock-linux/log-sgx#93cf0f644ff11cf3266208ef906fdeac3ad170a5"
dependencies = [
 "cfg-if 0.1.10 (registry+https://github.com/rust-lang/crates.io-index)",
 "sgx_tstd 1.0.9 (git+https://github.com/baidu/rust-sgx-sdk.git?rev=v1.0.9)",
]

[[package]]
name = "ring"
version = "0.16.9"
source = "git+https://github.com/mesalock-linux/ring-sgx?tag=v0.16.5#87eac94ca92486514fb4dff0f9349452ac4caa09"
dependencies = [
 "cc 1.0.45 (registry+https://github.com/rust-lang/crates.io-index)",
 "sgx_tstd 1.0.9 (git+https://github.com/baidu/rust-sgx-sdk.git?rev=v1.0.9)",
 "sgx_types 1.0.9 (git+https://github.com/baidu/rust-sgx-sdk.git?rev=v1.0.9)",
 "spin 0.5.2 (registry+https://github.com/rust-lang/crates.io-index)",
 "untrusted 0.7.0 (registry+https://github.com/rust-lang/crates.io-index)",
]

[[package]]
name = "rustls"
version = "0.16.0"
source = "git+https://github.com/mesalock-linux/rustls?branch=mesalock_sgx#fe19b470f6acbb4c6c39fe1f83556bc434840fd8"
dependencies = [
 "base64 0.10.1 (git+https://github.com/mesalock-linux/rust-base64-sgx)",
 "log 0.4.8 (git+https://github.com/mesalock-linux/log-sgx)",
 "ring 0.16.9 (git+https://github.com/mesalock-linux/ring-sgx?tag=v0.16.5)",
 "sct 0.6.0 (git+https://github.com/mesalock-linux/sct.rs?branch=mesalock_sgx)",
 "sgx_tstd 1.0.9 (git+https://github.com/baidu/rust-sgx-sdk.git?rev=v1.0.9)",
 "webpki 0.21.0 (git+https://github.com/mesalock-linux/webpki?branch=mesalock_sgx)",
]

[[package]]
name = "sct"
version = "0.6.0"
source = "git+https://github.com/mesalock-linux/sct.rs?branch=mesalock_sgx#58508617f8361f39ab73818420daee651895c6c0"
dependencies = [
 "ring 0.16.9 (git+https://github.com/mesalock-linux/ring-sgx?tag=v0.16.5)",
 "sgx_tstd 1.0.9 (git+https://github.com/baidu/rust-sgx-sdk.git?rev=v1.0.9)",
 "untrusted 0.7.0 (registry+https://github.com/rust-lang/crates.io-index)",
]

[[package]]
name = "sgx_alloc"
version = "1.0.9"
source = "git+https://github.com/baidu/rust-sgx-sdk.git?rev=v1.0.9#bcb3c7a1a10c7222839ee19b0720115ac8a1103e"
dependencies = [
 "sgx_trts 1.0.9 (git+https://github.com/baidu/rust-sgx-sdk.git?rev=v1.0.9)",
]

[[package]]
name = "sgx_backtrace_sys"
version = "1.0.9"
source = "git+https://github.com/baidu/rust-sgx-sdk.git?rev=v1.0.9#bcb3c7a1a10c7222839ee19b0720115ac8a1103e"
dependencies = [
 "cc 1.0.45 (registry+https://github.com/rust-lang/crates.io-index)",
 "sgx_build_helper 0.1.0 (git+https://github.com/baidu/rust-sgx-sdk.git?rev=v1.0.9)",
 "sgx_libc 1.0.9 (git+https://github.com/baidu/rust-sgx-sdk.git?rev=v1.0.9)",
]

[[package]]
name = "sgx_build_helper"
version = "0.1.0"
source = "git+https://github.com/baidu/rust-sgx-sdk.git?rev=v1.0.9#bcb3c7a1a10c7222839ee19b0720115ac8a1103e"

[[package]]
name = "sgx_demangle"
version = "1.0.9"
source = "git+https://github.com/baidu/rust-sgx-sdk.git?rev=v1.0.9#bcb3c7a1a10c7222839ee19b0720115ac8a1103e"

[[package]]
name = "sgx_libc"
version = "1.0.9"
source = "git+https://github.com/baidu/rust-sgx-sdk.git?rev=v1.0.9#bcb3c7a1a10c7222839ee19b0720115ac8a1103e"
dependencies = [
 "sgx_types 1.0.9 (git+https://github.com/baidu/rust-sgx-sdk.git?rev=v1.0.9)",
]

[[package]]
name = "sgx_tprotected_fs"
version = "1.0.9"
source = "git+https://github.com/baidu/rust-sgx-sdk.git?rev=v1.0.9#bcb3c7a1a10c7222839ee19b0720115ac8a1103e"
dependencies = [
 "sgx_trts 1.0.9 (git+https://github.com/baidu/rust-sgx-sdk.git?rev=v1.0.9)",
 "sgx_types 1.0.9 (git+https://github.com/baidu/rust-sgx-sdk.git?rev=v1.0.9)",
]

[[package]]
name = "sgx_trts"
version = "1.0.9"
source = "git+https://github.com/baidu/rust-sgx-sdk.git?rev=v1.0.9#bcb3c7a1a10c7222839ee19b0720115ac8a1103e"
dependencies = [
 "sgx_libc 1.0.9 (git+https://github.com/baidu/rust-sgx-sdk.git?rev=v1.0.9)",
 "sgx_types 1.0.9 (git+https://github.com/baidu/rust-sgx-sdk.git?rev=v1.0.9)",
]

[[package]]
name = "sgx_tstd"
version = "1.0.9"
source = "git+https://github.com/baidu/rust-sgx-sdk.git?rev=v1.0.9#bcb3c7a1a10c7222839ee19b0720115ac8a1103e"
dependencies = [
 "sgx_alloc 1.0.9 (git+https://github.com/baidu/rust-sgx-sdk.git?rev=v1.0.9)",
 "sgx_backtrace_sys 1.0.9 (git+https://github.com/baidu/rust-sgx-sdk.git?rev=v1.0.9)",
 "sgx_demangle 1.0.9 (git+https://github.com/baidu/rust-sgx-sdk.git?rev=v1.0.9)",
 "sgx_libc 1.0.9 (git+https://github.com/baidu/rust-sgx-sdk.git?rev=v1.0.9)",
 "sgx_tprotected_fs 1.0.9 (git+https://github.com/baidu/rust-sgx-sdk.git?rev=v1.0.9)",
 "sgx_trts 1.0.9 (git+https://github.com/baidu/rust-sgx-sdk.git?rev=v1.0.9)",
 "sgx_types 1.0.9 (git+https://github.com/baidu/rust-sgx-sdk.git?rev=v1.0.9)",
 "sgx_unwind 0.0.1 (git+https://github.com/baidu/rust-sgx-sdk.git?rev=v1.0.9)",
]

[[package]]
name = "sgx_types"
version = "1.0.9"
source = "git+https://github.com/baidu/rust-sgx-sdk.git?rev=v1.0.9#bcb3c7a1a10c7222839ee19b0720115ac8a1103e"

[[package]]
name = "sgx_unwind"
version = "0.0.1"
source = "git+https://github.com/baidu/rust-sgx-sdk.git?rev=v1.0.9#bcb3c7a1a10c7222839ee19b0720115ac8a1103e"
dependencies = [
 "sgx_build_helper 0.1.0 (git+https://github.com/baidu/rust-sgx-sdk.git?rev=v1.0.9)",
 "sgx_trts 1.0.9 (git+https://github.com/baidu/rust-sgx-sdk.git?rev=v1.0.9)",
]

[[package]]
name = "spin"
version = "0.5.2"
source = "registry+https://github.com/rust-lang/crates.io-index"

[[package]]
name = "untrusted"
version = "0.7.0"
source = "registry+https://github.com/rust-lang/crates.io-index"

[[package]]
name = "webpki"
version = "0.21.0"
source = "git+https://github.com/mesalock-linux/webpki?branch=mesalock_sgx#89c0607458da4a34eae050f9207b8c2d2bdb74d1"
dependencies = [
 "ring 0.16.9 (git+https://github.com/mesalock-linux/ring-sgx?tag=v0.16.5)",
 "sgx_tstd 1.0.9 (git+https://github.com/baidu/rust-sgx-sdk.git?rev=v1.0.9)",
 "untrusted 0.7.0 (registry+https://github.com/rust-lang/crates.io-index)",
]

[metadata]
"checksum base64 0.10.1 (git+https://github.com/mesalock-linux/rust-base64-sgx)" = "<none>"
"checksum cc 1.0.45 (registry+https://github.com/rust-lang/crates.io-index)" = "4fc9a35e1f4290eb9e5fc54ba6cf40671ed2a2514c3eeb2b2a908dda2ea5a1be"
"checksum cfg-if 0.1.10 (registry+https://github.com/rust-lang/crates.io-index)" = "4785bdd1c96b2a846b2bd7cc02e86b6b3dbf14e7e53446c4f54c92a361040822"
"checksum log 0.4.8 (git+https://github.com/mesalock-linux/log-sgx)" = "<none>"
"checksum ring 0.16.9 (git+https://github.com/mesalock-linux/ring-sgx?tag=v0.16.5)" = "<none>"
"checksum rustls 0.16.0 (git+https://github.com/mesalock-linux/rustls?branch=mesalock_sgx)" = "<none>"
"checksum sct 0.6.0 (git+https://github.com/mesalock-linux/sct.rs?branch=mesalock_sgx)" = "<none>"
"checksum sgx_alloc 1.0.9 (git+https://github.com/baidu/rust-sgx-sdk.git?rev=v1.0.9)" = "<none>"
"checksum sgx_backtrace_sys 1.0.9 (git+https://github.com/baidu/rust-sgx-sdk.git?rev=v1.0.9)" = "<none>"
"checksum sgx_build_helper 0.1.0 (git+https://github.com/baidu/rust-sgx-sdk.git?rev=v1.0.9)" = "<none>"
"checksum sgx_demangle 1.0.9 (git+https://github.com/baidu/rust-sgx-sdk.git?rev=v1.0.9)" = "<none>"
"checksum sgx_libc 1.0.9 (git+https://github.com/baidu/rust-sgx-sdk.git?rev=v1.0.9)" = "<none>"
"checksum sgx_tprotected_fs 1.0.9 (git+https://github.com/baidu/rust-sgx-sdk.git?rev=v1.0.9)" = "<none>"
"checksum sgx_trts 1.0.9 (git+https://github.com/baidu/rust-sgx-sdk.git?rev=v1.0.9)" = "<none>"
"checksum sgx_tstd 1.0.9 (git+https://github.com/baidu/rust-sgx-sdk.git?rev=v1.0.9)" = "<none>"
"checksum sgx_types 1.0.9 (git+https://github.com/baidu/rust-sgx-sdk.git?rev=v1.0.9)" = "<none>"
"checksum sgx_unwind 0.0.1 (git+https://github.com/baidu/rust-sgx-sdk.git?rev=v1.0.9)" = "<none>"
"checksum spin 0.5.2 (registry+https://github.com/rust-lang/crates.io-index)" = "6e63cff320ae2c57904679ba7cb63280a3dc4613885beafb148ee7bf9aa9042d"
"checksum untrusted 0.7.0 (registry+https://github.com/rust-lang/crates.io-index)" = "60369ef7a31de49bcb3f6ca728d4ba7300d9a1658f94c727d4cab8c8d9f4aece"
"checksum webpki 0.21.0 (git+https://github.com/mesalock-linux/webpki?branch=mesalock_sgx)" = "<none>"
