# This file is automatically @generated by Cargo.
# It is not intended for manual editing.
[[package]]
name = "app"
version = "1.0.0"
dependencies = [
 "cc",
 "sgx_types",
 "sgx_urts",
]

[[package]]
name = "cc"
version = "1.0.54"
source = "registry+https://github.com/rust-lang/crates.io-index"
checksum = "7bbb73db36c1246e9034e307d0fba23f9a2e251faa47ade70c1bd252220c8311"

[[package]]
name = "libc"
version = "0.2.71"
source = "registry+https://github.com/rust-lang/crates.io-index"
checksum = "9457b06509d27052635f90d6466700c65095fdf75409b3fbdd903e988b886f49"

[[package]]
name = "sgx_types"
version = "1.1.2"
source = "git+https://gitee.com/sammyne/incubator-teaclave-sgx-sdk?rev=v1.1.2#8f065be7a442157bf16dc7106feb795ea1c578eb"

[[package]]
name = "sgx_urts"
version = "1.1.2"
source = "git+https://gitee.com/sammyne/incubator-teaclave-sgx-sdk?rev=v1.1.2#8f065be7a442157bf16dc7106feb795ea1c578eb"
dependencies = [
 "libc",
 "sgx_types",
]
