# This file is automatically @generated by Cargo.
# It is not intended for manual editing.
[[package]]
name = "Helloworldsampleenclave"
version = "1.0.0"
dependencies = [
 "sgx_tstd 1.0.9 (git+https://github.com/baidu/rust-sgx-sdk.git)",
 "sgx_types 1.0.9 (git+https://github.com/baidu/rust-sgx-sdk.git)",
]

[[package]]
name = "cc"
version = "1.0.45"
source = "registry+https://github.com/rust-lang/crates.io-index"

[[package]]
name = "sgx_alloc"
version = "1.0.9"
source = "git+https://github.com/baidu/rust-sgx-sdk.git#407cbaaf42939aab78bd8afa14de93fab270f7aa"
dependencies = [
 "sgx_trts 1.0.9 (git+https://github.com/baidu/rust-sgx-sdk.git)",
]

[[package]]
name = "sgx_backtrace_sys"
version = "1.0.9"
source = "git+https://github.com/baidu/rust-sgx-sdk.git#407cbaaf42939aab78bd8afa14de93fab270f7aa"
dependencies = [
 "cc 1.0.45 (registry+https://github.com/rust-lang/crates.io-index)",
 "sgx_build_helper 0.1.0 (git+https://github.com/baidu/rust-sgx-sdk.git)",
 "sgx_libc 1.0.9 (git+https://github.com/baidu/rust-sgx-sdk.git)",
]

[[package]]
name = "sgx_build_helper"
version = "0.1.0"
source = "git+https://github.com/baidu/rust-sgx-sdk.git#407cbaaf42939aab78bd8afa14de93fab270f7aa"

[[package]]
name = "sgx_demangle"
version = "1.0.9"
source = "git+https://github.com/baidu/rust-sgx-sdk.git#407cbaaf42939aab78bd8afa14de93fab270f7aa"

[[package]]
name = "sgx_libc"
version = "1.0.9"
source = "git+https://github.com/baidu/rust-sgx-sdk.git#407cbaaf42939aab78bd8afa14de93fab270f7aa"
dependencies = [
 "sgx_types 1.0.9 (git+https://github.com/baidu/rust-sgx-sdk.git)",
]

[[package]]
name = "sgx_tprotected_fs"
version = "1.0.9"
source = "git+https://github.com/baidu/rust-sgx-sdk.git#407cbaaf42939aab78bd8afa14de93fab270f7aa"
dependencies = [
 "sgx_trts 1.0.9 (git+https://github.com/baidu/rust-sgx-sdk.git)",
 "sgx_types 1.0.9 (git+https://github.com/baidu/rust-sgx-sdk.git)",
]

[[package]]
name = "sgx_trts"
version = "1.0.9"
source = "git+https://github.com/baidu/rust-sgx-sdk.git#407cbaaf42939aab78bd8afa14de93fab270f7aa"
dependencies = [
 "sgx_libc 1.0.9 (git+https://github.com/baidu/rust-sgx-sdk.git)",
 "sgx_types 1.0.9 (git+https://github.com/baidu/rust-sgx-sdk.git)",
]

[[package]]
name = "sgx_tstd"
version = "1.0.9"
source = "git+https://github.com/baidu/rust-sgx-sdk.git#407cbaaf42939aab78bd8afa14de93fab270f7aa"
dependencies = [
 "sgx_alloc 1.0.9 (git+https://github.com/baidu/rust-sgx-sdk.git)",
 "sgx_backtrace_sys 1.0.9 (git+https://github.com/baidu/rust-sgx-sdk.git)",
 "sgx_demangle 1.0.9 (git+https://github.com/baidu/rust-sgx-sdk.git)",
 "sgx_libc 1.0.9 (git+https://github.com/baidu/rust-sgx-sdk.git)",
 "sgx_tprotected_fs 1.0.9 (git+https://github.com/baidu/rust-sgx-sdk.git)",
 "sgx_trts 1.0.9 (git+https://github.com/baidu/rust-sgx-sdk.git)",
 "sgx_types 1.0.9 (git+https://github.com/baidu/rust-sgx-sdk.git)",
 "sgx_unwind 0.0.1 (git+https://github.com/baidu/rust-sgx-sdk.git)",
]

[[package]]
name = "sgx_types"
version = "1.0.9"
source = "git+https://github.com/baidu/rust-sgx-sdk.git#407cbaaf42939aab78bd8afa14de93fab270f7aa"

[[package]]
name = "sgx_unwind"
version = "0.0.1"
source = "git+https://github.com/baidu/rust-sgx-sdk.git#407cbaaf42939aab78bd8afa14de93fab270f7aa"
dependencies = [
 "sgx_build_helper 0.1.0 (git+https://github.com/baidu/rust-sgx-sdk.git)",
 "sgx_trts 1.0.9 (git+https://github.com/baidu/rust-sgx-sdk.git)",
]

[metadata]
"checksum cc 1.0.45 (registry+https://github.com/rust-lang/crates.io-index)" = "4fc9a35e1f4290eb9e5fc54ba6cf40671ed2a2514c3eeb2b2a908dda2ea5a1be"
"checksum sgx_alloc 1.0.9 (git+https://github.com/baidu/rust-sgx-sdk.git)" = "<none>"
"checksum sgx_backtrace_sys 1.0.9 (git+https://github.com/baidu/rust-sgx-sdk.git)" = "<none>"
"checksum sgx_build_helper 0.1.0 (git+https://github.com/baidu/rust-sgx-sdk.git)" = "<none>"
"checksum sgx_demangle 1.0.9 (git+https://github.com/baidu/rust-sgx-sdk.git)" = "<none>"
"checksum sgx_libc 1.0.9 (git+https://github.com/baidu/rust-sgx-sdk.git)" = "<none>"
"checksum sgx_tprotected_fs 1.0.9 (git+https://github.com/baidu/rust-sgx-sdk.git)" = "<none>"
"checksum sgx_trts 1.0.9 (git+https://github.com/baidu/rust-sgx-sdk.git)" = "<none>"
"checksum sgx_tstd 1.0.9 (git+https://github.com/baidu/rust-sgx-sdk.git)" = "<none>"
"checksum sgx_types 1.0.9 (git+https://github.com/baidu/rust-sgx-sdk.git)" = "<none>"
"checksum sgx_unwind 0.0.1 (git+https://github.com/baidu/rust-sgx-sdk.git)" = "<none>"
